
Microsoft Visual Studio Solution File, Format Version 12.00
# Visual Studio Version 16
VisualStudioVersion = 16.0.29613.14
MinimumVisualStudioVersion = 10.0.40219.1
Project("{FAE04EC0-301F-11D3-BF4B-00C04F79EFBC}") = "testeunitti87", "testeunitti87\testeunitti87.csproj", "{923280B1-E6F2-4393-8E3A-A88E9A35CC54}"
EndProject
Global
	GlobalSection(SolutionConfigurationPlatforms) = preSolution
		Debug|Any CPU = Debug|Any CPU
		Release|Any CPU = Release|Any CPU
	EndGlobalSection
	GlobalSection(ProjectConfigurationPlatforms) = postSolution
		{923280B1-E6F2-4393-8E3A-A88E9A35CC54}.Debug|Any CPU.ActiveCfg = Debug|Any CPU
		{923280B1-E6F2-4393-8E3A-A88E9A35CC54}.Debug|Any CPU.Build.0 = Debug|Any CPU
		{923280B1-E6F2-4393-8E3A-A88E9A35CC54}.Release|Any CPU.ActiveCfg = Release|Any CPU
		{923280B1-E6F2-4393-8E3A-A88E9A35CC54}.Release|Any CPU.Build.0 = Release|Any CPU
	EndGlobalSection
	GlobalSection(SolutionProperties) = preSolution
		HideSolutionNode = FALSE
	EndGlobalSection
	GlobalSection(ExtensibilityGlobals) = postSolution
		SolutionGuid = {C725BF56-9771-43DD-B9EB-FE03BC719588}
	EndGlobalSection
EndGlobal
